
Microsoft Visual Studio Solution File, Format Version 12.00
# Visual Studio Version 17
VisualStudioVersion = 17.9.34723.18
MinimumVisualStudioVersion = 10.0.40219.1
Project("{FAE04EC0-301F-11D3-BF4B-00C04F79EFBC}") = "Cupones.api", "Cupones.api\Cupones.api.csproj", "{CFB939D2-1983-4339-B331-35282F3505E6}"
EndProject
Project("{FAE04EC0-301F-11D3-BF4B-00C04F79EFBC}") = "Cupones.BC", "Cupones.BC\Cupones.BC.csproj", "{94662929-00CD-4515-AC76-14BAF6CA14D4}"
EndProject
Project("{FAE04EC0-301F-11D3-BF4B-00C04F79EFBC}") = "Cupones.BW", "Cupones.BW\Cupones.BW.csproj", "{1201E058-3D56-474F-8495-92EE532C784B}"
EndProject
Project("{FAE04EC0-301F-11D3-BF4B-00C04F79EFBC}") = "Cupones.DA", "Cupones.DA\Cupones.DA.csproj", "{7BD619F2-E6A2-473C-A037-5931ED8993ED}"
EndProject
Project("{FAE04EC0-301F-11D3-BF4B-00C04F79EFBC}") = "Cupones.SG", "Cupones.SG\Cupones.SG.csproj", "{A212E464-F0A8-49E4-BB76-A4542F13B449}"
EndProject
Global
	GlobalSection(SolutionConfigurationPlatforms) = preSolution
		Debug|Any CPU = Debug|Any CPU
		Release|Any CPU = Release|Any CPU
	EndGlobalSection
	GlobalSection(ProjectConfigurationPlatforms) = postSolution
		{CFB939D2-1983-4339-B331-35282F3505E6}.Debug|Any CPU.ActiveCfg = Debug|Any CPU
		{CFB939D2-1983-4339-B331-35282F3505E6}.Debug|Any CPU.Build.0 = Debug|Any CPU
		{CFB939D2-1983-4339-B331-35282F3505E6}.Release|Any CPU.ActiveCfg = Release|Any CPU
		{CFB939D2-1983-4339-B331-35282F3505E6}.Release|Any CPU.Build.0 = Release|Any CPU
		{94662929-00CD-4515-AC76-14BAF6CA14D4}.Debug|Any CPU.ActiveCfg = Debug|Any CPU
		{94662929-00CD-4515-AC76-14BAF6CA14D4}.Debug|Any CPU.Build.0 = Debug|Any CPU
		{94662929-00CD-4515-AC76-14BAF6CA14D4}.Release|Any CPU.ActiveCfg = Release|Any CPU
		{94662929-00CD-4515-AC76-14BAF6CA14D4}.Release|Any CPU.Build.0 = Release|Any CPU
		{1201E058-3D56-474F-8495-92EE532C784B}.Debug|Any CPU.ActiveCfg = Debug|Any CPU
		{1201E058-3D56-474F-8495-92EE532C784B}.Debug|Any CPU.Build.0 = Debug|Any CPU
		{1201E058-3D56-474F-8495-92EE532C784B}.Release|Any CPU.ActiveCfg = Release|Any CPU
		{1201E058-3D56-474F-8495-92EE532C784B}.Release|Any CPU.Build.0 = Release|Any CPU
		{7BD619F2-E6A2-473C-A037-5931ED8993ED}.Debug|Any CPU.ActiveCfg = Debug|Any CPU
		{7BD619F2-E6A2-473C-A037-5931ED8993ED}.Debug|Any CPU.Build.0 = Debug|Any CPU
		{7BD619F2-E6A2-473C-A037-5931ED8993ED}.Release|Any CPU.ActiveCfg = Release|Any CPU
		{7BD619F2-E6A2-473C-A037-5931ED8993ED}.Release|Any CPU.Build.0 = Release|Any CPU
		{A212E464-F0A8-49E4-BB76-A4542F13B449}.Debug|Any CPU.ActiveCfg = Debug|Any CPU
		{A212E464-F0A8-49E4-BB76-A4542F13B449}.Debug|Any CPU.Build.0 = Debug|Any CPU
		{A212E464-F0A8-49E4-BB76-A4542F13B449}.Release|Any CPU.ActiveCfg = Release|Any CPU
		{A212E464-F0A8-49E4-BB76-A4542F13B449}.Release|Any CPU.Build.0 = Release|Any CPU
	EndGlobalSection
	GlobalSection(SolutionProperties) = preSolution
		HideSolutionNode = FALSE
	EndGlobalSection
	GlobalSection(ExtensibilityGlobals) = postSolution
		SolutionGuid = {B709D215-B27F-4FFE-B536-6DF6F9143B94}
	EndGlobalSection
EndGlobal
